
Microsoft Visual Studio Solution File, Format Version 12.00
# Visual Studio Version 17
VisualStudioVersion = 17.9.34728.123
MinimumVisualStudioVersion = 10.0.40219.1
Project("{FAE04EC0-301F-11D3-BF4B-00C04F79EFBC}") = "CourseManagerApp.API", "CourseManagerApp.API\CourseManagerApp.API.csproj", "{881658FC-8B59-4E1E-8D9B-E8802F09AFE7}"
EndProject
Global
	GlobalSection(SolutionConfigurationPlatforms) = preSolution
		Debug|Any CPU = Debug|Any CPU
		Release|Any CPU = Release|Any CPU
	EndGlobalSection
	GlobalSection(ProjectConfigurationPlatforms) = postSolution
		{881658FC-8B59-4E1E-8D9B-E8802F09AFE7}.Debug|Any CPU.ActiveCfg = Debug|Any CPU
		{881658FC-8B59-4E1E-8D9B-E8802F09AFE7}.Debug|Any CPU.Build.0 = Debug|Any CPU
		{881658FC-8B59-4E1E-8D9B-E8802F09AFE7}.Release|Any CPU.ActiveCfg = Release|Any CPU
		{881658FC-8B59-4E1E-8D9B-E8802F09AFE7}.Release|Any CPU.Build.0 = Release|Any CPU
	EndGlobalSection
	GlobalSection(SolutionProperties) = preSolution
		HideSolutionNode = FALSE
	EndGlobalSection
	GlobalSection(ExtensibilityGlobals) = postSolution
		SolutionGuid = {9138A5C5-AFED-4CEF-A201-1BBD97C116D0}
	EndGlobalSection
EndGlobal
